
Microsoft Visual Studio Solution File, Format Version 12.00
# Visual Studio Version 16
VisualStudioVersion = 16.0.29201.188
MinimumVisualStudioVersion = 10.0.40219.1
Project("{9A19103F-16F7-4668-BE54-9A1E7A4F7556}") = "Exercise7", "Exercise7.csproj", "{4FE29F85-06FA-499C-835B-19BF12212ED7}"
EndProject
Global
	GlobalSection(SolutionConfigurationPlatforms) = preSolution
		Debug|Any CPU = Debug|Any CPU
		Release|Any CPU = Release|Any CPU
	EndGlobalSection
	GlobalSection(ProjectConfigurationPlatforms) = postSolution
		{4FE29F85-06FA-499C-835B-19BF12212ED7}.Debug|Any CPU.ActiveCfg = Debug|Any CPU
		{4FE29F85-06FA-499C-835B-19BF12212ED7}.Debug|Any CPU.Build.0 = Debug|Any CPU
		{4FE29F85-06FA-499C-835B-19BF12212ED7}.Release|Any CPU.ActiveCfg = Release|Any CPU
		{4FE29F85-06FA-499C-835B-19BF12212ED7}.Release|Any CPU.Build.0 = Release|Any CPU
	EndGlobalSection
	GlobalSection(SolutionProperties) = preSolution
		HideSolutionNode = FALSE
	EndGlobalSection
	GlobalSection(ExtensibilityGlobals) = postSolution
		SolutionGuid = {C57B4550-B406-4294-942B-488B23F54120}
	EndGlobalSection
EndGlobal
